// !$*UTF8*$!
{
	archiveVersion = 1;
	classes = {
	};
	objectVersion = 46;
	objects = {

/* Begin PBXBuildFile section */
		10A37DC21A0A853300DBEE48 /* main.m in Sources */ = {isa = PBXBuildFile; fileRef = 10A37DC11A0A853300DBEE48 /* main.m */; };
/* End PBXBuildFile section */

/* Begin PBXCopyFilesBuildPhase section */
		10A37DBC1A0A853300DBEE48 /* CopyFiles */ = {
			isa = PBXCopyFilesBuildPhase;
			buildActionMask = 2147483647;
			dstPath = /usr/share/man/man1/;
			dstSubfolderSpec = 0;
			files = (
			);
			runOnlyForDeploymentPostprocessing = 1;
		};
/* End PBXCopyFilesBuildPhase section */

/* Begin PBXFileReference section */
		10A37DBE1A0A853300DBEE48 /* grammer-2014-11-06 */ = {isa = PBXFileReference; explicitFileType = "compiled.mach-o.executable"; includeInIndex = 0; path = "grammer-2014-11-06"; sourceTree = BUILT_PRODUCTS_DIR; };
		10A37DC11A0A853300DBEE48 /* main.m */ = {isa = PBXFileReference; lastKnownFileType = sourcecode.c.objc; path = main.m; sourceTree = "<group>"; };
		10F6F5D41A0B7664007F2BFF /* BCObject.h */ = {isa = PBXFileReference; lastKnownFileType = sourcecode.c.h; path = BCObject.h; sourceTree = "<group>"; };
/* End PBXFileReference section */

/* Begin PBXFrameworksBuildPhase section */
		10A37DBB1A0A853300DBEE48 /* Frameworks */ = {
			isa = PBXFrameworksBuildPhase;
			buildActionMask = 2147483647;
			files = (
			);
			runOnlyForDeploymentPostprocessing = 0;
		};
/* End PBXFrameworksBuildPhase section */

/* Begin PBXGroup section */
		10A37DB51A0A853300DBEE48 = {
			isa = PBXGroup;
			children = (
				10F6F5D41A0B7664007F2BFF /* BCObject.h */,
				10A37DC01A0A853300DBEE48 /* grammer-2014-11-06 */,
				10A37DBF1A0A853300DBEE48 /* Products */,
			);
			sourceTree = "<group>";
		};
		10A37DBF1A0A853300DBEE48 /* Products */ = {
			isa = PBXGroup;
			children = (
				10A37DBE1A0A853300DBEE48 /* grammer-2014-11-06 */,
			);
			name = Products;
			sourceTree = "<group>";
		};
		10A37DC01A0A853300DBEE48 /* grammer-2014-11-06 */ = {
			isa = PBXGroup;
			children = (
				10A37DC11A0A853300DBEE48 /* main.m */,
			);
			path = "grammer-2014-11-06";
			sourceTree = "<group>";
		};
/* End PBXGroup section */

/* Begin PBXNativeTarget section */
		10A37DBD1A0A853300DBEE48 /* grammer-2014-11-06 */ = {
			isa = PBXNativeTarget;
			buildConfigurationList = 10A37DC51A0A853300DBEE48 /* Build configuration list for PBXNativeTarget "grammer-2014-11-06" */;
			buildPhases = (
				10A37DBA1A0A853300DBEE48 /* Sources */,
				10A37DBB1A0A853300DBEE48 /* Frameworks */,
				10A37DBC1A0A853300DBEE48 /* CopyFiles */,
			);
			buildRules = (
			);
			dependencies = (
			);
			name = "grammer-2014-11-06";
			productName = "grammer-2014-11-06";
			productReference = 10A37DBE1A0A853300DBEE48 /* grammer-2014-11-06 */;
			productType = "com.apple.product-type.tool";
		};
/* End PBXNativeTarget section */

/* Begin PBXProject section */
		10A37DB61A0A853300DBEE48 /* Project object */ = {
			isa = PBXProject;
			attributes = {
				LastUpgradeCheck = 0610;
				ORGANIZATIONNAME = BifidyCAPs;
				TargetAttributes = {
					10A37DBD1A0A853300DBEE48 = {
						CreatedOnToolsVersion = 6.1;
					};
				};
			};
			buildConfigurationList = 10A37DB91A0A853300DBEE48 /* Build configuration list for PBXProject "grammer-2014-11-06" */;
			compatibilityVersion = "Xcode 3.2";
			developmentRegion = English;
			hasScannedForEncodings = 0;
			knownRegions = (
				en,
			);
			mainGroup = 10A37DB51A0A853300DBEE48;
			productRefGroup = 10A37DBF1A0A853300DBEE48 /* Products */;
			projectDirPath = "";
			projectRoot = "";
			targets = (
				10A37DBD1A0A853300DBEE48 /* grammer-2014-11-06 */,
			);
		};
/* End PBXProject section */

/* Begin PBXSourcesBuildPhase section */
		10A37DBA1A0A853300DBEE48 /* Sources */ = {
			isa = PBXSourcesBuildPhase;
			buildActionMask = 2147483647;
			files = (
				10A37DC21A0A853300DBEE48 /* main.m in Sources */,
			);
			runOnlyForDeploymentPostprocessing = 0;
		};
/* End PBXSourcesBuildPhase section */

/* Begin XCBuildConfiguration section */
		10A37DC31A0A853300DBEE48 /* Debug */ = {
			isa = XCBuildConfiguration;
			buildSettings = {
				ALWAYS_SEARCH_USER_PATHS = NO;
				CLANG_CXX_LANGUAGE_STANDARD = "gnu++0x";
				CLANG_CXX_LIBRARY = "libc++";
				CLANG_ENABLE_MODULES = YES;
				CLANG_ENABLE_OBJC_ARC = YES;
				CLANG_WARN_BOOL_CONVERSION = YES;
				CLANG_WARN_CONSTANT_CONVERSION = YES;
				CLANG_WARN_DIRECT_OBJC_ISA_USAGE = YES_ERROR;
				CLANG_WARN_EMPTY_BODY = YES;
				CLANG_WARN_ENUM_CONVERSION = YES;
				CLANG_WARN_INT_CONVERSION = YES;
				CLANG_WARN_OBJC_ROOT_CLASS = YES_ERROR;
				CLANG_WARN_UNREACHABLE_CODE = YES;
				CLANG_WARN__DUPLICATE_METHOD_MATCH = YES;
				COPY_PHASE_STRIP = NO;
				ENABLE_STRICT_OBJC_MSGSEND = YES;
				GCC_C_LANGUAGE_STANDARD = gnu99;
				GCC_DYNAMIC_NO_PIC = NO;
				GCC_OPTIMIZATION_LEVEL = 0;
				GCC_PREPROCESSOR_DEFINITIONS = (
					"DEBUG=1",
					"$(inherited)",
				);
				GCC_SYMBOLS_PRIVATE_EXTERN = NO;
				GCC_WARN_64_TO_32_BIT_CONVERSION = YES;
				GCC_WARN_ABOUT_RETURN_TYPE = YES_ERROR;
				GCC_WARN_UNDECLARED_SELECTOR = YES;
				GCC_WARN_UNINITIALIZED_AUTOS = YES_AGGRESSIVE;
				GCC_WARN_UNUSED_FUNCTION = YES;
				GCC_WARN_UNUSED_VARIABLE = YES;
				MACOSX_DEPLOYMENT_TARGET = 10.10;
				MTL_ENABLE_DEBUG_INFO = YES;
				ONLY_ACTIVE_ARCH = YES;
				SDKROOT = macosx;
			};
			name = Debug;
		};
		10A37DC41A0A853300DBEE48 /* Release */ = {
			isa = XCBuildConfiguration;
			buildSettings = {
				ALWAYS_SEARCH_USER_PATHS = NO;
				CLANG_CXX_LANGUAGE_STANDARD = "gnu++0x";
				CLANG_CXX_LIBRARY = "libc++";
				CLANG_ENABLE_MODULES = YES;
				CLANG_ENABLE_OBJC_ARC = YES;
				CLANG_WARN_BOOL_CONVERSION = YES;
				CLANG_WARN_CONSTANT_CONVERSION = YES;
				CLANG_WARN_DIRECT_OBJC_ISA_USAGE = YES_ERROR;
				CLANG_WARN_EMPTY_BODY = YES;
				CLANG_WARN_ENUM_CONVERSION = YES;
				CLANG_WARN_INT_CONVERSION = YES;
				CLANG_WARN_OBJC_ROOT_CLASS = YES_ERROR;
				CLANG_WARN_UNREACHABLE_CODE = YES;
				CLANG_WARN__DUPLICATE_METHOD_MATCH = YES;
				COPY_PHASE_STRIP = YES;
				DEBUG_INFORMATION_FORMAT = "dwarf-with-dsym";
				ENABLE_NS_ASSERTIONS = NO;
				ENABLE_STRICT_OBJC_MSGSEND = YES;
				GCC_C_LANGUAGE_STANDARD = gnu99;
				GCC_WARN_64_TO_32_BIT_CONVERSION = YES;
				GCC_WARN_ABOUT_RETURN_TYPE = YES_ERROR;
				GCC_WARN_UNDECLARED_SELECTOR = YES;
				GCC_WARN_UNINITIALIZED_AUTOS = YES_AGGRESSIVE;
				GCC_WARN_UNUSED_FUNCTION = YES;
				GCC_WARN_UNUSED_VARIABLE = YES;
				MACOSX_DEPLOYMENT_TARGET = 10.10;
				MTL_ENABLE_DEBUG_INFO = NO;
				SDKROOT = macosx;
			};
			name = Release;
		};
		10A37DC61A0A853300DBEE48 /* Debug */ = {
			isa = XCBuildConfiguration;
			buildSettings = {
				PRODUCT_NAME = "$(TARGET_NAME)";
			};
			name = Debug;
		};
		10A37DC71A0A853300DBEE48 /* Release */ = {
			isa = XCBuildConfiguration;
			buildSettings = {
				PRODUCT_NAME = "$(TARGET_NAME)";
			};
			name = Release;
		};
/* End XCBuildConfiguration section */

/* Begin XCConfigurationList section */
		10A37DB91A0A853300DBEE48 /* Build configuration list for PBXProject "grammer-2014-11-06" */ = {
			isa = XCConfigurationList;
			buildConfigurations = (
				10A37DC31A0A853300DBEE48 /* Debug */,
				10A37DC41A0A853300DBEE48 /* Release */,
			);
			defaultConfigurationIsVisible = 0;
			defaultConfigurationName = Release;
		};
		10A37DC51A0A853300DBEE48 /* Build configuration list for PBXNativeTarget "grammer-2014-11-06" */ = {
			isa = XCConfigurationList;
			buildConfigurations = (
				10A37DC61A0A853300DBEE48 /* Debug */,
				10A37DC71A0A853300DBEE48 /* Release */,
			);
			defaultConfigurationIsVisible = 0;
			defaultConfigurationName = Release;
		};
/* End XCConfigurationList section */
	};
	rootObject = 10A37DB61A0A853300DBEE48 /* Project object */;
}
